lockfileVersion: '9.0'

settings:
  autoInstallPeers: true
  excludeLinksFromLockfile: false

importers:

  .:
    dependencies:
      '@kaplayjs/dprint-config':
        specifier: ^1.2.0
        version: 1.2.0
      '@types/copyfiles':
        specifier: ^2.4.1
        version: 2.4.4
      dprint:
        specifier: ^0.50.0
        version: 0.50.0
      esbuild:
        specifier: ^0.15.10
        version: 0.15.18
      kaplay:
        specifier: github:kaplayjs/kaplay
        version: https://codeload.github.com/kaplayjs/kaplay/tar.gz/04222899c7c972665257ca9ce1213f184a52192c

packages:

  '@dprint/darwin-arm64@0.49.1':
    resolution: {integrity: sha512-ib6KcJWo/M5RJWXOQKhP664FG1hAvG7nrbkh+j8n+oXdzmbyDdXTP+zW+aM3/sIQUkGaZky1xy1j2VeScMEEHQ==}
    cpu: [arm64]
    os: [darwin]

  '@dprint/darwin-arm64@0.50.0':
    resolution: {integrity: sha512-KqWpsvm4JveYdKDLSLlQINGNW4pEAGHcTFPEHR5qXMYV4pPomLgHHPyBrxe3XdGtlUp4I8HfvBMBw3b/LKd06A==}
    cpu: [arm64]
    os: [darwin]

  '@dprint/darwin-x64@0.49.1':
    resolution: {integrity: sha512-vIVgnYxV7YYa1d6Uyz707RbgB9rwefGPam+rzaueFNPQjdOxPOTQDuMEJDS+Z3BlI00MfeoupIfIUGsXoM4dpQ==}
    cpu: [x64]
    os: [darwin]

  '@dprint/darwin-x64@0.50.0':
    resolution: {integrity: sha512-kFeeLYhCIVAe1SMtFYk1q0qWxrkmW8FhOBTUh2oblr4AnAjpjb03m8BVUrHHKFeBTsppwck+1b8hzU6LRZO7fA==}
    cpu: [x64]
    os: [darwin]

  '@dprint/linux-arm64-glibc@0.49.1':
    resolution: {integrity: sha512-ZeIh6qMPWLBBifDtU0XadpK36b4WoaTqCOt0rWKfoTjq1RAt78EgqETWp43Dbr6et/HvTgYdoWF0ZNEu2FJFFA==}
    cpu: [arm64]
    os: [linux]

  '@dprint/linux-arm64-glibc@0.50.0':
    resolution: {integrity: sha512-EL0+uMSdj/n+cZOP9ZO8ndvjmtOSWXNsMHKdAAaTG0+EjH9M9YKXD6kopP6PKOR5pJuiyHCRpVKJ4xoD4adfpQ==}
    cpu: [arm64]
    os: [linux]

  '@dprint/linux-arm64-musl@0.49.1':
    resolution: {integrity: sha512-/nuRyx+TykN6MqhlSCRs/t3o1XXlikiwTc9emWdzMeLGllYvJrcht9gRJ1/q1SqwCFhzgnD9H7roxxfji1tc+Q==}
    cpu: [arm64]
    os: [linux]

  '@dprint/linux-arm64-musl@0.50.0':
    resolution: {integrity: sha512-bzyYxKtFw/hYAA+7lWQGQGo2YFPnH7Ql9uWxxWqiGaWVPU66K9WQt0RUEqu1hQBrCk9mMz3jx5l4oKWQ/Dc0fw==}
    cpu: [arm64]
    os: [linux]

  '@dprint/linux-riscv64-glibc@0.49.1':
    resolution: {integrity: sha512-RHBqrnvGO+xW4Oh0QuToBqWtkXMcfjqa1TqbBFF03yopFzZA2oRKX83PhjTWgd/IglaOns0BgmaLJy/JBSxOfQ==}
    cpu: [riscv64]
    os: [linux]

  '@dprint/linux-riscv64-glibc@0.50.0':
    resolution: {integrity: sha512-ElFqmKs96NyVXWqd2SJGJGtyVmUWNiLUyaImEzL7XZRmpoJG+Ky7SryhccMQU0ENtQmY0CVgZipLZ1SqhIoluA==}
    cpu: [riscv64]
    os: [linux]

  '@dprint/linux-x64-glibc@0.49.1':
    resolution: {integrity: sha512-MjFE894mIQXOKBencuakKyzAI4KcDe/p0Y9lRp9YSw/FneR4QWH9VBH90h8fRxcIlWMArjFFJJAtsBnn5qgxeg==}
    cpu: [x64]
    os: [linux]

  '@dprint/linux-x64-glibc@0.50.0':
    resolution: {integrity: sha512-Kim8TtCdpCQUNqF2D96vunuonYy6tPfp/AQblSVA4ADChVyFLGfPaQIECpGAAKxXnIG2SX5JRQP7nB/4JgPNbA==}
    cpu: [x64]
    os: [linux]

  '@dprint/linux-x64-musl@0.49.1':
    resolution: {integrity: sha512-CvGBWOksHgrL1uzYqtPFvZz0+E82BzgoCIEHJeuYaveEn37qWZS5jqoCm/vz6BfoivE1dVuyyOT78Begj9KxkQ==}
    cpu: [x64]
    os: [linux]

  '@dprint/linux-x64-musl@0.50.0':
    resolution: {integrity: sha512-ChZf0BnS3S6BIfqAPgQKqEh/7vgD1xc0MpcFcTrvkVQHuSdCQu1XiqUN12agzxB+Y5Ml9exgzP8lYgNza7iXvw==}
    cpu: [x64]
    os: [linux]

  '@dprint/win32-arm64@0.49.1':
    resolution: {integrity: sha512-gQa4s82lMcXjfdxjWBQun6IJlXdPZZaIj2/2cqXWVEOYPKxAZ/JvGzt2pPG+i73h9KHjNLIV8M9ckqEH3oHufg==}
    cpu: [arm64]
    os: [win32]

  '@dprint/win32-arm64@0.50.0':
    resolution: {integrity: sha512-xSY607bRyIPG7UO3uRa5c5wTGHKJqLUkQst85Hcz89EL/It6wswwUSNcywDydssN99HmSHop4fIf6FJTEpEp2g==}
    cpu: [arm64]
    os: [win32]

  '@dprint/win32-x64@0.49.1':
    resolution: {integrity: sha512-nPU6+hoVze5JJlgET7woYWElBw0IUaB/9XKTaglknQuUUfsmD75D9pkgJTxdIxl9Bg/i5O7c9wb3Nj4XNiTIfw==}
    cpu: [x64]
    os: [win32]

  '@dprint/win32-x64@0.50.0':
    resolution: {integrity: sha512-uGDjrK88LOet9a8pPRM9nKins93mK2NLozqL/hCNV88Nu5Nk0bBeVwRMAnPapjV3Jo+hsJOeq3Z1ibrq2c3v8w==}
    cpu: [x64]
    os: [win32]

  '@esbuild/android-arm@0.15.18':
    resolution: {integrity: sha512-5GT+kcs2WVGjVs7+boataCkO5Fg0y4kCjzkB5bAip7H4jfnOS3dA6KPiww9W1OEKTKeAcUVhdZGvgI65OXmUnw==}
    engines: {node: '>=12'}
    cpu: [arm]
    os: [android]

  '@esbuild/linux-loong64@0.15.18':
    resolution: {integrity: sha512-L4jVKS82XVhw2nvzLg/19ClLWg0y27ulRwuP7lcyL6AbUWB5aPglXY3M21mauDQMDfRLs8cQmeT03r/+X3cZYQ==}
    engines: {node: '>=12'}
    cpu: [loong64]
    os: [linux]

  '@kaplayjs/dprint-config@1.2.0':
    resolution: {integrity: sha512-rgvqu2WGGbexOdG22J/q8WWkqGN7kBqXyFHm95UhYk2j7CiTHrNr+58mNiinQ1FNHFkqO0Ae9H//18ecO0sw6w==}
    hasBin: true

  '@types/copyfiles@2.4.4':
    resolution: {integrity: sha512-2PhDCltCORlPrpM3gxZ0XuYaDcCOU46SQ7E89uzgbJ4jhpzpya/ssIY0jBA/gHtvh3SE4dxW8aMitQk0/ewlIw==}

  commander@12.1.0:
    resolution: {integrity: sha512-Vw8qHK3bZM9y/P10u3Vib8o/DdkvA2OtPtZvD871QKjy74Wj1WSKFILMPRPSdUSx5RFK1arlJzEtA4PkFgnbuA==}
    engines: {node: '>=18'}

  dprint@0.49.1:
    resolution: {integrity: sha512-pO9XH79SyXybj2Vhc9ITZMEI8cJkdlQQRoD8oEfPH6Jjpp/7WX5kIgECVd3DBOjjAdCSiW6R47v3gJBx/qZVkw==}
    hasBin: true

  dprint@0.50.0:
    resolution: {integrity: sha512-aNJhOQsUS5D9k/YkMUaLLniIpxEBUR0ZwT0RXGQV5YpaGwE2nx6FcKuVkC6wRaZXTr8X0NpV/2HFbcvNuI2jtA==}
    hasBin: true

  esbuild-android-64@0.15.18:
    resolution: {integrity: sha512-wnpt3OXRhcjfIDSZu9bnzT4/TNTDsOUvip0foZOUBG7QbSt//w3QV4FInVJxNhKc/ErhUxc5z4QjHtMi7/TbgA==}
    engines: {node: '>=12'}
    cpu: [x64]
    os: [android]

  esbuild-android-arm64@0.15.18:
    resolution: {integrity: sha512-G4xu89B8FCzav9XU8EjsXacCKSG2FT7wW9J6hOc18soEHJdtWu03L3TQDGf0geNxfLTtxENKBzMSq9LlbjS8OQ==}
    engines: {node: '>=12'}
    cpu: [arm64]
    os: [android]

  esbuild-darwin-64@0.15.18:
    resolution: {integrity: sha512-2WAvs95uPnVJPuYKP0Eqx+Dl/jaYseZEUUT1sjg97TJa4oBtbAKnPnl3b5M9l51/nbx7+QAEtuummJZW0sBEmg==}
    engines: {node: '>=12'}
    cpu: [x64]
    os: [darwin]

  esbuild-darwin-arm64@0.15.18:
    resolution: {integrity: sha512-tKPSxcTJ5OmNb1btVikATJ8NftlyNlc8BVNtyT/UAr62JFOhwHlnoPrhYWz09akBLHI9nElFVfWSTSRsrZiDUA==}
    engines: {node: '>=12'}
    cpu: [arm64]
    os: [darwin]

  esbuild-freebsd-64@0.15.18:
    resolution: {integrity: sha512-TT3uBUxkteAjR1QbsmvSsjpKjOX6UkCstr8nMr+q7zi3NuZ1oIpa8U41Y8I8dJH2fJgdC3Dj3CXO5biLQpfdZA==}
    engines: {node: '>=12'}
    cpu: [x64]
    os: [freebsd]

  esbuild-freebsd-arm64@0.15.18:
    resolution: {integrity: sha512-R/oVr+X3Tkh+S0+tL41wRMbdWtpWB8hEAMsOXDumSSa6qJR89U0S/PpLXrGF7Wk/JykfpWNokERUpCeHDl47wA==}
    engines: {node: '>=12'}
    cpu: [arm64]
    os: [freebsd]

  esbuild-linux-32@0.15.18:
    resolution: {integrity: sha512-lphF3HiCSYtaa9p1DtXndiQEeQDKPl9eN/XNoBf2amEghugNuqXNZA/ZovthNE2aa4EN43WroO0B85xVSjYkbg==}
    engines: {node: '>=12'}
    cpu: [ia32]
    os: [linux]

  esbuild-linux-64@0.15.18:
    resolution: {integrity: sha512-hNSeP97IviD7oxLKFuii5sDPJ+QHeiFTFLoLm7NZQligur8poNOWGIgpQ7Qf8Balb69hptMZzyOBIPtY09GZYw==}
    engines: {node: '>=12'}
    cpu: [x64]
    os: [linux]

  esbuild-linux-arm64@0.15.18:
    resolution: {integrity: sha512-54qr8kg/6ilcxd+0V3h9rjT4qmjc0CccMVWrjOEM/pEcUzt8X62HfBSeZfT2ECpM7104mk4yfQXkosY8Quptug==}
    engines: {node: '>=12'}
    cpu: [arm64]
    os: [linux]

  esbuild-linux-arm@0.15.18:
    resolution: {integrity: sha512-UH779gstRblS4aoS2qpMl3wjg7U0j+ygu3GjIeTonCcN79ZvpPee12Qun3vcdxX+37O5LFxz39XeW2I9bybMVA==}
    engines: {node: '>=12'}
    cpu: [arm]
    os: [linux]

  esbuild-linux-mips64le@0.15.18:
    resolution: {integrity: sha512-Mk6Ppwzzz3YbMl/ZZL2P0q1tnYqh/trYZ1VfNP47C31yT0K8t9s7Z077QrDA/guU60tGNp2GOwCQnp+DYv7bxQ==}
    engines: {node: '>=12'}
    cpu: [mips64el]
    os: [linux]

  esbuild-linux-ppc64le@0.15.18:
    resolution: {integrity: sha512-b0XkN4pL9WUulPTa/VKHx2wLCgvIAbgwABGnKMY19WhKZPT+8BxhZdqz6EgkqCLld7X5qiCY2F/bfpUUlnFZ9w==}
    engines: {node: '>=12'}
    cpu: [ppc64]
    os: [linux]

  esbuild-linux-riscv64@0.15.18:
    resolution: {integrity: sha512-ba2COaoF5wL6VLZWn04k+ACZjZ6NYniMSQStodFKH/Pu6RxzQqzsmjR1t9QC89VYJxBeyVPTaHuBMCejl3O/xg==}
    engines: {node: '>=12'}
    cpu: [riscv64]
    os: [linux]

  esbuild-linux-s390x@0.15.18:
    resolution: {integrity: sha512-VbpGuXEl5FCs1wDVp93O8UIzl3ZrglgnSQ+Hu79g7hZu6te6/YHgVJxCM2SqfIila0J3k0csfnf8VD2W7u2kzQ==}
    engines: {node: '>=12'}
    cpu: [s390x]
    os: [linux]

  esbuild-netbsd-64@0.15.18:
    resolution: {integrity: sha512-98ukeCdvdX7wr1vUYQzKo4kQ0N2p27H7I11maINv73fVEXt2kyh4K4m9f35U1K43Xc2QGXlzAw0K9yoU7JUjOg==}
    engines: {node: '>=12'}
    cpu: [x64]
    os: [netbsd]

  esbuild-openbsd-64@0.15.18:
    resolution: {integrity: sha512-yK5NCcH31Uae076AyQAXeJzt/vxIo9+omZRKj1pauhk3ITuADzuOx5N2fdHrAKPxN+zH3w96uFKlY7yIn490xQ==}
    engines: {node: '>=12'}
    cpu: [x64]
    os: [openbsd]

  esbuild-sunos-64@0.15.18:
    resolution: {integrity: sha512-On22LLFlBeLNj/YF3FT+cXcyKPEI263nflYlAhz5crxtp3yRG1Ugfr7ITyxmCmjm4vbN/dGrb/B7w7U8yJR9yw==}
    engines: {node: '>=12'}
    cpu: [x64]
    os: [sunos]

  esbuild-windows-32@0.15.18:
    resolution: {integrity: sha512-o+eyLu2MjVny/nt+E0uPnBxYuJHBvho8vWsC2lV61A7wwTWC3jkN2w36jtA+yv1UgYkHRihPuQsL23hsCYGcOQ==}
    engines: {node: '>=12'}
    cpu: [ia32]
    os: [win32]

  esbuild-windows-64@0.15.18:
    resolution: {integrity: sha512-qinug1iTTaIIrCorAUjR0fcBk24fjzEedFYhhispP8Oc7SFvs+XeW3YpAKiKp8dRpizl4YYAhxMjlftAMJiaUw==}
    engines: {node: '>=12'}
    cpu: [x64]
    os: [win32]

  esbuild-windows-arm64@0.15.18:
    resolution: {integrity: sha512-q9bsYzegpZcLziq0zgUi5KqGVtfhjxGbnksaBFYmWLxeV/S1fK4OLdq2DFYnXcLMjlZw2L0jLsk1eGoB522WXQ==}
    engines: {node: '>=12'}
    cpu: [arm64]
    os: [win32]

  esbuild@0.15.18:
    resolution: {integrity: sha512-x/R72SmW3sSFRm5zrrIjAhCeQSAWoni3CmHEqfQrZIQTM3lVCdehdwuIqaOtfC2slvpdlLa62GYoN8SxT23m6Q==}
    engines: {node: '>=12'}
    hasBin: true

  kaplay@https://codeload.github.com/kaplayjs/kaplay/tar.gz/04222899c7c972665257ca9ce1213f184a52192c:
    resolution: {tarball: https://codeload.github.com/kaplayjs/kaplay/tar.gz/04222899c7c972665257ca9ce1213f184a52192c}
    version: 4000.0.0-alpha.19
    engines: {node: '>=20.0.0'}

snapshots:

  '@dprint/darwin-arm64@0.49.1':
    optional: true

  '@dprint/darwin-arm64@0.50.0':
    optional: true

  '@dprint/darwin-x64@0.49.1':
    optional: true

  '@dprint/darwin-x64@0.50.0':
    optional: true

  '@dprint/linux-arm64-glibc@0.49.1':
    optional: true

  '@dprint/linux-arm64-glibc@0.50.0':
    optional: true

  '@dprint/linux-arm64-musl@0.49.1':
    optional: true

  '@dprint/linux-arm64-musl@0.50.0':
    optional: true

  '@dprint/linux-riscv64-glibc@0.49.1':
    optional: true

  '@dprint/linux-riscv64-glibc@0.50.0':
    optional: true

  '@dprint/linux-x64-glibc@0.49.1':
    optional: true

  '@dprint/linux-x64-glibc@0.50.0':
    optional: true

  '@dprint/linux-x64-musl@0.49.1':
    optional: true

  '@dprint/linux-x64-musl@0.50.0':
    optional: true

  '@dprint/win32-arm64@0.49.1':
    optional: true

  '@dprint/win32-arm64@0.50.0':
    optional: true

  '@dprint/win32-x64@0.49.1':
    optional: true

  '@dprint/win32-x64@0.50.0':
    optional: true

  '@esbuild/android-arm@0.15.18':
    optional: true

  '@esbuild/linux-loong64@0.15.18':
    optional: true

  '@kaplayjs/dprint-config@1.2.0':
    dependencies:
      commander: 12.1.0
      dprint: 0.49.1

  '@types/copyfiles@2.4.4': {}

  commander@12.1.0: {}

  dprint@0.49.1:
    optionalDependencies:
      '@dprint/darwin-arm64': 0.49.1
      '@dprint/darwin-x64': 0.49.1
      '@dprint/linux-arm64-glibc': 0.49.1
      '@dprint/linux-arm64-musl': 0.49.1
      '@dprint/linux-riscv64-glibc': 0.49.1
      '@dprint/linux-x64-glibc': 0.49.1
      '@dprint/linux-x64-musl': 0.49.1
      '@dprint/win32-arm64': 0.49.1
      '@dprint/win32-x64': 0.49.1

  dprint@0.50.0:
    optionalDependencies:
      '@dprint/darwin-arm64': 0.50.0
      '@dprint/darwin-x64': 0.50.0
      '@dprint/linux-arm64-glibc': 0.50.0
      '@dprint/linux-arm64-musl': 0.50.0
      '@dprint/linux-riscv64-glibc': 0.50.0
      '@dprint/linux-x64-glibc': 0.50.0
      '@dprint/linux-x64-musl': 0.50.0
      '@dprint/win32-arm64': 0.50.0
      '@dprint/win32-x64': 0.50.0

  esbuild-android-64@0.15.18:
    optional: true

  esbuild-android-arm64@0.15.18:
    optional: true

  esbuild-darwin-64@0.15.18:
    optional: true

  esbuild-darwin-arm64@0.15.18:
    optional: true

  esbuild-freebsd-64@0.15.18:
    optional: true

  esbuild-freebsd-arm64@0.15.18:
    optional: true

  esbuild-linux-32@0.15.18:
    optional: true

  esbuild-linux-64@0.15.18:
    optional: true

  esbuild-linux-arm64@0.15.18:
    optional: true

  esbuild-linux-arm@0.15.18:
    optional: true

  esbuild-linux-mips64le@0.15.18:
    optional: true

  esbuild-linux-ppc64le@0.15.18:
    optional: true

  esbuild-linux-riscv64@0.15.18:
    optional: true

  esbuild-linux-s390x@0.15.18:
    optional: true

  esbuild-netbsd-64@0.15.18:
    optional: true

  esbuild-openbsd-64@0.15.18:
    optional: true

  esbuild-sunos-64@0.15.18:
    optional: true

  esbuild-windows-32@0.15.18:
    optional: true

  esbuild-windows-64@0.15.18:
    optional: true

  esbuild-windows-arm64@0.15.18:
    optional: true

  esbuild@0.15.18:
    optionalDependencies:
      '@esbuild/android-arm': 0.15.18
      '@esbuild/linux-loong64': 0.15.18
      esbuild-android-64: 0.15.18
      esbuild-android-arm64: 0.15.18
      esbuild-darwin-64: 0.15.18
      esbuild-darwin-arm64: 0.15.18
      esbuild-freebsd-64: 0.15.18
      esbuild-freebsd-arm64: 0.15.18
      esbuild-linux-32: 0.15.18
      esbuild-linux-64: 0.15.18
      esbuild-linux-arm: 0.15.18
      esbuild-linux-arm64: 0.15.18
      esbuild-linux-mips64le: 0.15.18
      esbuild-linux-ppc64le: 0.15.18
      esbuild-linux-riscv64: 0.15.18
      esbuild-linux-s390x: 0.15.18
      esbuild-netbsd-64: 0.15.18
      esbuild-openbsd-64: 0.15.18
      esbuild-sunos-64: 0.15.18
      esbuild-windows-32: 0.15.18
      esbuild-windows-64: 0.15.18
      esbuild-windows-arm64: 0.15.18

  kaplay@https://codeload.github.com/kaplayjs/kaplay/tar.gz/04222899c7c972665257ca9ce1213f184a52192c: {}
